{
  "name": "mt-si",
  "version": "0.0.0",
  "lockfileVersion": 3,
  "requires": true,
  "packages": {
    "": {
      "name": "mt-si",
      "version": "0.0.0",
      "license": "MIT",
      "dependencies": {
        "be-enhanced": "0.0.165",
        "be-hive": "0.0.245",
        "be-parsed": "0.0.7",
        "mount-observer": "0.0.41",
        "trans-render": "0.0.880"
      },
      "devDependencies": {
        "@playwright/test": "1.50.0",
        "ssi-server": "0.0.1"
      }
    },
    "node_modules/@playwright/test": {
      "version": "1.50.0",
      "resolved": "https://registry.npmjs.org/@playwright/test/-/test-1.50.0.tgz",
      "integrity": "sha512-ZGNXbt+d65EGjBORQHuYKj+XhCewlwpnSd/EDuLPZGSiEWmgOJB5RmMCCYGy5aMfTs9wx61RivfDKi8H/hcMvw==",
      "dev": true,
      "license": "Apache-2.0",
      "dependencies": {
        "playwright": "1.50.0"
      },
      "bin": {
        "playwright": "cli.js"
      },
      "engines": {
        "node": ">=18"
      }
    },
    "node_modules/be-enhanced": {
      "version": "0.0.165",
      "resolved": "https://registry.npmjs.org/be-enhanced/-/be-enhanced-0.0.165.tgz",
      "integrity": "sha512-niIk23h5AjfDos7dckvUTxuqp10wp01oV+DKgSiBRYta7O9EVVAY191gUKegO2H9GdWB5mwOCgNtX+7Y77q+Pw==",
      "license": "MIT",
      "dependencies": {
        "trans-render": "0.0.880"
      }
    },
    "node_modules/be-hive": {
      "version": "0.0.245",
      "resolved": "https://registry.npmjs.org/be-hive/-/be-hive-0.0.245.tgz",
      "integrity": "sha512-WY7S9kTjpWxmUNltrKKzNsIWdY7T3hA309es9Us78FtmBetY3d+aVZYH4mR1KS0BkzQ7NZ66EuGyoZjzgQEy2g==",
      "license": "MIT",
      "dependencies": {
        "be-enhanced": "0.0.165",
        "mount-observer": "0.0.40",
        "trans-render": "0.0.880"
      }
    },
    "node_modules/be-hive/node_modules/mount-observer": {
      "version": "0.0.40",
      "resolved": "https://registry.npmjs.org/mount-observer/-/mount-observer-0.0.40.tgz",
      "integrity": "sha512-IkgvCMxrfghfkxWAdX9C0Nl2K/Vx1f8lXMTjaH+v9EWbeVVwTeQUpJ6bE5/RxlcxXhj9JOtHDJiNLg+gbMwWvA==",
      "license": "MIT"
    },
    "node_modules/be-parsed": {
      "version": "0.0.7",
      "resolved": "https://registry.npmjs.org/be-parsed/-/be-parsed-0.0.7.tgz",
      "integrity": "sha512-yAvtNtMJexuVU8P8hj87gWmT9C9xVgnRaEl/5CxBePjXPlhcN0jTmd7wC2RZTiTVoyXS2B5EoeQYZbZnAOiG4w==",
      "license": "MIT",
      "dependencies": {
        "be-enhanced": "0.0.165",
        "be-hive": "0.0.245",
        "trans-render": "0.0.880"
      }
    },
    "node_modules/fsevents": {
      "version": "2.3.2",
      "resolved": "https://registry.npmjs.org/fsevents/-/fsevents-2.3.2.tgz",
      "integrity": "sha512-xiqMQR4xAeHTuB9uWm+fFRcIOgKBMiOBP+eXiyT7jsgVCq1bkVygt00oASowB7EdtpOHaaPgKt812P9ab+DDKA==",
      "dev": true,
      "hasInstallScript": true,
      "license": "MIT",
      "optional": true,
      "os": [
        "darwin"
      ],
      "engines": {
        "node": "^8.16.0 || ^10.6.0 || >=11.0.0"
      }
    },
    "node_modules/mount-observer": {
      "version": "0.0.41",
      "resolved": "https://registry.npmjs.org/mount-observer/-/mount-observer-0.0.41.tgz",
      "integrity": "sha512-uYEDFxqryYFva6f5DCduXk8bq6ClchoNtZ4fVKs9lSnv+alKKjLtRReIP7JbX132KEoaXC6+BXI6k7VdtaYt5g==",
      "license": "MIT"
    },
    "node_modules/playwright": {
      "version": "1.50.0",
      "resolved": "https://registry.npmjs.org/playwright/-/playwright-1.50.0.tgz",
      "integrity": "sha512-+GinGfGTrd2IfX1TA4N2gNmeIksSb+IAe589ZH+FlmpV3MYTx6+buChGIuDLQwrGNCw2lWibqV50fU510N7S+w==",
      "dev": true,
      "license": "Apache-2.0",
      "dependencies": {
        "playwright-core": "1.50.0"
      },
      "bin": {
        "playwright": "cli.js"
      },
      "engines": {
        "node": ">=18"
      },
      "optionalDependencies": {
        "fsevents": "2.3.2"
      }
    },
    "node_modules/playwright-core": {
      "version": "1.50.0",
      "resolved": "https://registry.npmjs.org/playwright-core/-/playwright-core-1.50.0.tgz",
      "integrity": "sha512-CXkSSlr4JaZs2tZHI40DsZUN/NIwgaUPsyLuOAaIZp2CyF2sN5MM5NJsyB188lFSSozFxQ5fPT4qM+f0tH/6wQ==",
      "dev": true,
      "license": "Apache-2.0",
      "bin": {
        "playwright-core": "cli.js"
      },
      "engines": {
        "node": ">=18"
      }
    },
    "node_modules/ssi-server": {
      "version": "0.0.1",
      "resolved": "https://registry.npmjs.org/ssi-server/-/ssi-server-0.0.1.tgz",
      "integrity": "sha512-HdgGAl+z7O0lq3Bl4cCnj4tKg7mG3rI4srKnaoPTHIzHO4QMMdvP9z6IDRz1fIpgLBMi6b6ZnvbYa2TSPjBhpg==",
      "dev": true,
      "license": "Apache-2.0"
    },
    "node_modules/trans-render": {
      "version": "0.0.880",
      "resolved": "https://registry.npmjs.org/trans-render/-/trans-render-0.0.880.tgz",
      "integrity": "sha512-2YarloG5tuAUDxKvnYZJYzIvs6FuMDgYM+09HKW1hYIG6zdroHA2T/bt3CBDk6sijhzv4G3PrCn31rZUTVscXg==",
      "license": "MIT",
      "dependencies": {
        "mount-observer": "0.0.40"
      }
    },
    "node_modules/trans-render/node_modules/mount-observer": {
      "version": "0.0.40",
      "resolved": "https://registry.npmjs.org/mount-observer/-/mount-observer-0.0.40.tgz",
      "integrity": "sha512-IkgvCMxrfghfkxWAdX9C0Nl2K/Vx1f8lXMTjaH+v9EWbeVVwTeQUpJ6bE5/RxlcxXhj9JOtHDJiNLg+gbMwWvA==",
      "license": "MIT"
    }
  }
}
